
Microsoft Visual Studio Solution File, Format Version 12.00
# Visual Studio Version 17
VisualStudioVersion = 17.12.35506.116 d17.12
MinimumVisualStudioVersion = 10.0.40219.1
Project("{FAE04EC0-301F-11D3-BF4B-00C04F79EFBC}") = "BlogApp.Web", "BlogApp.Web\BlogApp.Web.csproj", "{B5AF2514-30BD-412E-A7F0-EFF7ED8EA13F}"
EndProject
Global
	GlobalSection(SolutionConfigurationPlatforms) = preSolution
		Debug|Any CPU = Debug|Any CPU
		Release|Any CPU = Release|Any CPU
	EndGlobalSection
	GlobalSection(ProjectConfigurationPlatforms) = postSolution
		{B5AF2514-30BD-412E-A7F0-EFF7ED8EA13F}.Debug|Any CPU.ActiveCfg = Debug|Any CPU
		{B5AF2514-30BD-412E-A7F0-EFF7ED8EA13F}.Debug|Any CPU.Build.0 = Debug|Any CPU
		{B5AF2514-30BD-412E-A7F0-EFF7ED8EA13F}.Release|Any CPU.ActiveCfg = Release|Any CPU
		{B5AF2514-30BD-412E-A7F0-EFF7ED8EA13F}.Release|Any CPU.Build.0 = Release|Any CPU
	EndGlobalSection
	GlobalSection(SolutionProperties) = preSolution
		HideSolutionNode = FALSE
	EndGlobalSection
EndGlobal
